
Microsoft Visual Studio Solution File, Format Version 12.00
# Visual Studio Version 17
VisualStudioVersion = 17.12.35707.178 d17.12
MinimumVisualStudioVersion = 10.0.40219.1
Project("{FAE04EC0-301F-11D3-BF4B-00C04F79EFBC}") = "Demo.Presention", "Demo.Presention\Demo.Presention.csproj", "{E1A79FE0-7DC7-4ACA-B441-D788B7D9EDAA}"
EndProject
Project("{FAE04EC0-301F-11D3-BF4B-00C04F79EFBC}") = "Demo.BusinessLogicLayer", "Demo.BusinessLogicLayer\Demo.BusinessLogicLayer.csproj", "{1A094BA0-D89D-4001-AE03-FEF12BBEC8D9}"
EndProject
Project("{FAE04EC0-301F-11D3-BF4B-00C04F79EFBC}") = "Demo.DataAccessLayer", "Demo.DataAccessLayer\Demo.DataAccessLayer.csproj", "{5248F6F9-4AF9-4707-9D16-067E1F2D31DF}"
EndProject
Global
	GlobalSection(SolutionConfigurationPlatforms) = preSolution
		Debug|Any CPU = Debug|Any CPU
		Release|Any CPU = Release|Any CPU
	EndGlobalSection
	GlobalSection(ProjectConfigurationPlatforms) = postSolution
		{E1A79FE0-7DC7-4ACA-B441-D788B7D9EDAA}.Debug|Any CPU.ActiveCfg = Debug|Any CPU
		{E1A79FE0-7DC7-4ACA-B441-D788B7D9EDAA}.Debug|Any CPU.Build.0 = Debug|Any CPU
		{E1A79FE0-7DC7-4ACA-B441-D788B7D9EDAA}.Release|Any CPU.ActiveCfg = Release|Any CPU
		{E1A79FE0-7DC7-4ACA-B441-D788B7D9EDAA}.Release|Any CPU.Build.0 = Release|Any CPU
		{1A094BA0-D89D-4001-AE03-FEF12BBEC8D9}.Debug|Any CPU.ActiveCfg = Debug|Any CPU
		{1A094BA0-D89D-4001-AE03-FEF12BBEC8D9}.Debug|Any CPU.Build.0 = Debug|Any CPU
		{1A094BA0-D89D-4001-AE03-FEF12BBEC8D9}.Release|Any CPU.ActiveCfg = Release|Any CPU
		{1A094BA0-D89D-4001-AE03-FEF12BBEC8D9}.Release|Any CPU.Build.0 = Release|Any CPU
		{5248F6F9-4AF9-4707-9D16-067E1F2D31DF}.Debug|Any CPU.ActiveCfg = Debug|Any CPU
		{5248F6F9-4AF9-4707-9D16-067E1F2D31DF}.Debug|Any CPU.Build.0 = Debug|Any CPU
		{5248F6F9-4AF9-4707-9D16-067E1F2D31DF}.Release|Any CPU.ActiveCfg = Release|Any CPU
		{5248F6F9-4AF9-4707-9D16-067E1F2D31DF}.Release|Any CPU.Build.0 = Release|Any CPU
	EndGlobalSection
	GlobalSection(SolutionProperties) = preSolution
		HideSolutionNode = FALSE
	EndGlobalSection
EndGlobal
